
Microsoft Visual Studio Solution File, Format Version 12.00
# Visual Studio 15
VisualStudioVersion = 15.0.27703.2035
MinimumVisualStudioVersion = 10.0.40219.1
Project("{9A19103F-16F7-4668-BE54-9A1E7A4F7556}") = "React.PatientManagement", "React.PatientManagement\React.PatientManagement.csproj", "{FFE127A4-2C6E-4330-981C-E8F09206B5A9}"
EndProject
Global
	GlobalSection(SolutionConfigurationPlatforms) = preSolution
		Debug|Any CPU = Debug|Any CPU
		Release|Any CPU = Release|Any CPU
	EndGlobalSection
	GlobalSection(ProjectConfigurationPlatforms) = postSolution
		{FFE127A4-2C6E-4330-981C-E8F09206B5A9}.Debug|Any CPU.ActiveCfg = Debug|Any CPU
		{FFE127A4-2C6E-4330-981C-E8F09206B5A9}.Debug|Any CPU.Build.0 = Debug|Any CPU
		{FFE127A4-2C6E-4330-981C-E8F09206B5A9}.Release|Any CPU.ActiveCfg = Release|Any CPU
		{FFE127A4-2C6E-4330-981C-E8F09206B5A9}.Release|Any CPU.Build.0 = Release|Any CPU
	EndGlobalSection
	GlobalSection(SolutionProperties) = preSolution
		HideSolutionNode = FALSE
	EndGlobalSection
	GlobalSection(ExtensibilityGlobals) = postSolution
		SolutionGuid = {4B5ED98F-D9BF-486E-9D90-354996FAD0A9}
	EndGlobalSection
EndGlobal
